
Microsoft Visual Studio Solution File, Format Version 12.00
# Visual Studio Version 17
VisualStudioVersion = 17.0.31903.59
MinimumVisualStudioVersion = 10.0.40219.1
Project("{2150E333-8FDC-42A3-9474-1A3956D46DE8}") = "Source", "Source", "{36D591C7-65C7-A0D1-1CBC-10CDE441BDC8}"
EndProject
Project("{2150E333-8FDC-42A3-9474-1A3956D46DE8}") = "Domain", "Domain", "{DA89B84B-E2E6-4122-86E3-2E59318C371B}"
EndProject
Project("{FAE04EC0-301F-11D3-BF4B-00C04F79EFBC}") = "Core", "Source\Domain\Core\Core.csproj", "{B2AA88E1-6883-47F9-AC4B-F082586A9383}"
EndProject
Project("{2150E333-8FDC-42A3-9474-1A3956D46DE8}") = "Infrastructure", "Infrastructure", "{49E9CB4D-ADC8-4B5D-90B0-FE16C4BE1279}"
EndProject
Project("{2150E333-8FDC-42A3-9474-1A3956D46DE8}") = "AudioTransformers", "AudioTransformers", "{CD7322EF-821B-4EF3-A9AB-431B7F3CE2B4}"
EndProject
Project("{FAE04EC0-301F-11D3-BF4B-00C04F79EFBC}") = "AudioTransformers.Sox", "Source\Infrastructure\AudioTransformers\AudioTransformers.Sox\AudioTransformers.Sox.csproj", "{741D44D5-FF13-4394-8A4C-866BB410CABC}"
EndProject
Project("{2150E333-8FDC-42A3-9474-1A3956D46DE8}") = "Libraries", "Libraries", "{10C1DFFC-F868-466F-9CE0-D7DDE6E59CB3}"
EndProject
Project("{FAE04EC0-301F-11D3-BF4B-00C04F79EFBC}") = "CommandWrapper.Core", "Source\Infrastructure\Libraries\CommandWrapper.Core\CommandWrapper.Core.csproj", "{3ED0280A-62B8-42E5-A56C-9C990AD863E1}"
EndProject
Project("{FAE04EC0-301F-11D3-BF4B-00C04F79EFBC}") = "CommandWrapper.Sox", "Source\Infrastructure\Libraries\CommandWrapper.Sox\CommandWrapper.Sox.csproj", "{42F32FEF-24E0-4272-A4AB-2B03EAB8F786}"
EndProject
Project("{2150E333-8FDC-42A3-9474-1A3956D46DE8}") = "Pipelines", "Pipelines", "{EBB2137D-2237-4ADA-8EE1-881DC70875DE}"
EndProject
Project("{FAE04EC0-301F-11D3-BF4B-00C04F79EFBC}") = "StreamingPipelines", "Source\Infrastructure\Pipelines\StreamingPipelines\StreamingPipelines.csproj", "{A087ABFD-551D-4EBC-B769-BED9BC544E0A}"
EndProject
Project("{2150E333-8FDC-42A3-9474-1A3956D46DE8}") = "SpeechRecognizers", "SpeechRecognizers", "{4E532382-C2FC-4F7F-844B-A963894B7836}"
EndProject
Project("{FAE04EC0-301F-11D3-BF4B-00C04F79EFBC}") = "SpeechRecognizers.Whisper", "Source\Infrastructure\SpeechRecognizers\SpeechRecognizers.Whisper\SpeechRecognizers.Whisper.csproj", "{4FE36FF7-4B42-421B-9A4F-14C8635E4342}"
EndProject
Project("{FAE04EC0-301F-11D3-BF4B-00C04F79EFBC}") = "SileroVoiceActivityDetector", "Source\Infrastructure\Libraries\SileroVoiceActivityDetector\SileroVoiceActivityDetector.csproj", "{80A64A3B-477A-4B60-8044-0398629A9A64}"
EndProject
Project("{2150E333-8FDC-42A3-9474-1A3956D46DE8}") = "VoiceActivityDetectors", "VoiceActivityDetectors", "{E1AFCB6A-1BCA-4AF9-97D0-7EB9E7FB07E6}"
EndProject
Project("{FAE04EC0-301F-11D3-BF4B-00C04F79EFBC}") = "VoiceActivityDetectors.Silero", "Source\Infrastructure\VoiceActivityDetectors\VoiceActivityDetectors.Silero\VoiceActivityDetectors.Silero.csproj", "{202B6444-DE20-4712-87F6-1B1152C56913}"
EndProject
Project("{2150E333-8FDC-42A3-9474-1A3956D46DE8}") = "Applications", "Applications", "{DD2F9EC1-1442-4C5B-8A67-39E9FF3339AF}"
EndProject
Project("{2150E333-8FDC-42A3-9474-1A3956D46DE8}") = "Web", "Web", "{37A6EC3D-4DC0-44F5-B9D8-409A9017BF94}"
EndProject
Project("{FAE04EC0-301F-11D3-BF4B-00C04F79EFBC}") = "Api.Watson", "Source\Web\Api.Watson\Api.Watson.csproj", "{7535CF88-2F34-4058-8771-D5BFDFC45513}"
EndProject
Global
	GlobalSection(SolutionConfigurationPlatforms) = preSolution
		Debug|Any CPU = Debug|Any CPU
		Release|Any CPU = Release|Any CPU
	EndGlobalSection
	GlobalSection(ProjectConfigurationPlatforms) = postSolution
		{B2AA88E1-6883-47F9-AC4B-F082586A9383}.Debug|Any CPU.ActiveCfg = Debug|Any CPU
		{B2AA88E1-6883-47F9-AC4B-F082586A9383}.Debug|Any CPU.Build.0 = Debug|Any CPU
		{B2AA88E1-6883-47F9-AC4B-F082586A9383}.Release|Any CPU.ActiveCfg = Release|Any CPU
		{B2AA88E1-6883-47F9-AC4B-F082586A9383}.Release|Any CPU.Build.0 = Release|Any CPU
		{741D44D5-FF13-4394-8A4C-866BB410CABC}.Debug|Any CPU.ActiveCfg = Debug|Any CPU
		{741D44D5-FF13-4394-8A4C-866BB410CABC}.Debug|Any CPU.Build.0 = Debug|Any CPU
		{741D44D5-FF13-4394-8A4C-866BB410CABC}.Release|Any CPU.ActiveCfg = Release|Any CPU
		{741D44D5-FF13-4394-8A4C-866BB410CABC}.Release|Any CPU.Build.0 = Release|Any CPU
		{3ED0280A-62B8-42E5-A56C-9C990AD863E1}.Debug|Any CPU.ActiveCfg = Debug|Any CPU
		{3ED0280A-62B8-42E5-A56C-9C990AD863E1}.Debug|Any CPU.Build.0 = Debug|Any CPU
		{3ED0280A-62B8-42E5-A56C-9C990AD863E1}.Release|Any CPU.ActiveCfg = Release|Any CPU
		{3ED0280A-62B8-42E5-A56C-9C990AD863E1}.Release|Any CPU.Build.0 = Release|Any CPU
		{42F32FEF-24E0-4272-A4AB-2B03EAB8F786}.Debug|Any CPU.ActiveCfg = Debug|Any CPU
		{42F32FEF-24E0-4272-A4AB-2B03EAB8F786}.Debug|Any CPU.Build.0 = Debug|Any CPU
		{42F32FEF-24E0-4272-A4AB-2B03EAB8F786}.Release|Any CPU.ActiveCfg = Release|Any CPU
		{42F32FEF-24E0-4272-A4AB-2B03EAB8F786}.Release|Any CPU.Build.0 = Release|Any CPU
		{A087ABFD-551D-4EBC-B769-BED9BC544E0A}.Debug|Any CPU.ActiveCfg = Debug|Any CPU
		{A087ABFD-551D-4EBC-B769-BED9BC544E0A}.Debug|Any CPU.Build.0 = Debug|Any CPU
		{A087ABFD-551D-4EBC-B769-BED9BC544E0A}.Release|Any CPU.ActiveCfg = Release|Any CPU
		{A087ABFD-551D-4EBC-B769-BED9BC544E0A}.Release|Any CPU.Build.0 = Release|Any CPU
		{4FE36FF7-4B42-421B-9A4F-14C8635E4342}.Debug|Any CPU.ActiveCfg = Debug|Any CPU
		{4FE36FF7-4B42-421B-9A4F-14C8635E4342}.Debug|Any CPU.Build.0 = Debug|Any CPU
		{4FE36FF7-4B42-421B-9A4F-14C8635E4342}.Release|Any CPU.ActiveCfg = Release|Any CPU
		{4FE36FF7-4B42-421B-9A4F-14C8635E4342}.Release|Any CPU.Build.0 = Release|Any CPU
		{80A64A3B-477A-4B60-8044-0398629A9A64}.Debug|Any CPU.ActiveCfg = Debug|Any CPU
		{80A64A3B-477A-4B60-8044-0398629A9A64}.Debug|Any CPU.Build.0 = Debug|Any CPU
		{80A64A3B-477A-4B60-8044-0398629A9A64}.Release|Any CPU.ActiveCfg = Release|Any CPU
		{80A64A3B-477A-4B60-8044-0398629A9A64}.Release|Any CPU.Build.0 = Release|Any CPU
		{202B6444-DE20-4712-87F6-1B1152C56913}.Debug|Any CPU.ActiveCfg = Debug|Any CPU
		{202B6444-DE20-4712-87F6-1B1152C56913}.Debug|Any CPU.Build.0 = Debug|Any CPU
		{202B6444-DE20-4712-87F6-1B1152C56913}.Release|Any CPU.ActiveCfg = Release|Any CPU
		{202B6444-DE20-4712-87F6-1B1152C56913}.Release|Any CPU.Build.0 = Release|Any CPU
		{7535CF88-2F34-4058-8771-D5BFDFC45513}.Debug|Any CPU.ActiveCfg = Debug|Any CPU
		{7535CF88-2F34-4058-8771-D5BFDFC45513}.Debug|Any CPU.Build.0 = Debug|Any CPU
		{7535CF88-2F34-4058-8771-D5BFDFC45513}.Release|Any CPU.ActiveCfg = Release|Any CPU
		{7535CF88-2F34-4058-8771-D5BFDFC45513}.Release|Any CPU.Build.0 = Release|Any CPU
	EndGlobalSection
	GlobalSection(SolutionProperties) = preSolution
		HideSolutionNode = FALSE
	EndGlobalSection
	GlobalSection(NestedProjects) = preSolution
		{DA89B84B-E2E6-4122-86E3-2E59318C371B} = {36D591C7-65C7-A0D1-1CBC-10CDE441BDC8}
		{B2AA88E1-6883-47F9-AC4B-F082586A9383} = {DA89B84B-E2E6-4122-86E3-2E59318C371B}
		{49E9CB4D-ADC8-4B5D-90B0-FE16C4BE1279} = {36D591C7-65C7-A0D1-1CBC-10CDE441BDC8}
		{CD7322EF-821B-4EF3-A9AB-431B7F3CE2B4} = {49E9CB4D-ADC8-4B5D-90B0-FE16C4BE1279}
		{741D44D5-FF13-4394-8A4C-866BB410CABC} = {CD7322EF-821B-4EF3-A9AB-431B7F3CE2B4}
		{10C1DFFC-F868-466F-9CE0-D7DDE6E59CB3} = {49E9CB4D-ADC8-4B5D-90B0-FE16C4BE1279}
		{3ED0280A-62B8-42E5-A56C-9C990AD863E1} = {10C1DFFC-F868-466F-9CE0-D7DDE6E59CB3}
		{42F32FEF-24E0-4272-A4AB-2B03EAB8F786} = {10C1DFFC-F868-466F-9CE0-D7DDE6E59CB3}
		{EBB2137D-2237-4ADA-8EE1-881DC70875DE} = {49E9CB4D-ADC8-4B5D-90B0-FE16C4BE1279}
		{A087ABFD-551D-4EBC-B769-BED9BC544E0A} = {EBB2137D-2237-4ADA-8EE1-881DC70875DE}
		{4E532382-C2FC-4F7F-844B-A963894B7836} = {49E9CB4D-ADC8-4B5D-90B0-FE16C4BE1279}
		{4FE36FF7-4B42-421B-9A4F-14C8635E4342} = {4E532382-C2FC-4F7F-844B-A963894B7836}
		{80A64A3B-477A-4B60-8044-0398629A9A64} = {10C1DFFC-F868-466F-9CE0-D7DDE6E59CB3}
		{E1AFCB6A-1BCA-4AF9-97D0-7EB9E7FB07E6} = {49E9CB4D-ADC8-4B5D-90B0-FE16C4BE1279}
		{202B6444-DE20-4712-87F6-1B1152C56913} = {E1AFCB6A-1BCA-4AF9-97D0-7EB9E7FB07E6}
		{DD2F9EC1-1442-4C5B-8A67-39E9FF3339AF} = {36D591C7-65C7-A0D1-1CBC-10CDE441BDC8}
		{37A6EC3D-4DC0-44F5-B9D8-409A9017BF94} = {36D591C7-65C7-A0D1-1CBC-10CDE441BDC8}
		{7535CF88-2F34-4058-8771-D5BFDFC45513} = {37A6EC3D-4DC0-44F5-B9D8-409A9017BF94}
	EndGlobalSection
	GlobalSection(ExtensibilityGlobals) = postSolution
		SolutionGuid = {90FF40BF-5AC9-422E-A314-3771A036D71D}
	EndGlobalSection
EndGlobal
